// !$*UTF8*$!
{
	archiveVersion = 1;
	classes = {
	};
	objectVersion = 46;
	objects = {

/* Begin PBXBuildFile section */
		E83E0B431C129E5800D6EFC9 /* main.swift in Sources */ = {isa = PBXBuildFile; fileRef = E83E0B421C129E5800D6EFC9 /* main.swift */; };
		E886730E1C1B7EC700D3157E /* Router.swift in Sources */ = {isa = PBXBuildFile; fileRef = E886730D1C1B7E9C00D3157E /* Router.swift */; };
		E886730F1C1B7ECB00D3157E /* HTTP.swift in Sources */ = {isa = PBXBuildFile; fileRef = E886730A1C1B7E9C00D3157E /* HTTP.swift */; };
		E88673101C1B7ECB00D3157E /* HTTP11.swift in Sources */ = {isa = PBXBuildFile; fileRef = E886730B1C1B7E9C00D3157E /* HTTP11.swift */; };
		E88673111C1B7ECB00D3157E /* HTTPServer.swift in Sources */ = {isa = PBXBuildFile; fileRef = E886730C1C1B7E9C00D3157E /* HTTPServer.swift */; };
		E88673121C1B7ECF00D3157E /* TCPServer.swift in Sources */ = {isa = PBXBuildFile; fileRef = E88673061C1B7E9C00D3157E /* TCPServer.swift */; };
		E88673141C1B7ED400D3157E /* SwiftNonsense.swift in Sources */ = {isa = PBXBuildFile; fileRef = E88673031C1B7E9300D3157E /* SwiftNonsense.swift */; };
		E88673171C1B7FC100D3157E /* Bridge.c in Sources */ = {isa = PBXBuildFile; fileRef = E88673151C1B7FC100D3157E /* Bridge.c */; };
		E886731D1C1B800A00D3157E /* Controller.swift in Sources */ = {isa = PBXBuildFile; fileRef = E886731C1C1B800A00D3157E /* Controller.swift */; };
		E886731F1C1B806C00D3157E /* Resource.swift in Sources */ = {isa = PBXBuildFile; fileRef = E886731E1C1B806C00D3157E /* Resource.swift */; };
		E88673231C1B83D400D3157E /* NotesController.swift in Sources */ = {isa = PBXBuildFile; fileRef = E88673221C1B83D400D3157E /* NotesController.swift */; };
		E88673291C1B94CF00D3157E /* Database.swift in Sources */ = {isa = PBXBuildFile; fileRef = E88673281C1B94CF00D3157E /* Database.swift */; };
		E886732B1C1BA55C00D3157E /* Model.swift in Sources */ = {isa = PBXBuildFile; fileRef = E886732A1C1BA55C00D3157E /* Model.swift */; };
		E886732E1C1BA63600D3157E /* Note.swift in Sources */ = {isa = PBXBuildFile; fileRef = E886732D1C1BA63600D3157E /* Note.swift */; };
		E88673301C1BA7C400D3157E /* ModelQuery.swift in Sources */ = {isa = PBXBuildFile; fileRef = E886732F1C1BA7C400D3157E /* ModelQuery.swift */; };
/* End PBXBuildFile section */

/* Begin PBXCopyFilesBuildPhase section */
		E83E0B3D1C129E5800D6EFC9 /* CopyFiles */ = {
			isa = PBXCopyFilesBuildPhase;
			buildActionMask = 2147483647;
			dstPath = /usr/share/man/man1/;
			dstSubfolderSpec = 0;
			files = (
			);
			runOnlyForDeploymentPostprocessing = 1;
		};
/* End PBXCopyFilesBuildPhase section */

/* Begin PBXFileReference section */
		E83E0B3F1C129E5800D6EFC9 /* Swerver */ = {isa = PBXFileReference; explicitFileType = "compiled.mach-o.executable"; includeInIndex = 0; path = Swerver; sourceTree = BUILT_PRODUCTS_DIR; };
		E83E0B421C129E5800D6EFC9 /* main.swift */ = {isa = PBXFileReference; lastKnownFileType = sourcecode.swift; path = main.swift; sourceTree = "<group>"; };
		E88673001C1B753E00D3157E /* build.sh */ = {isa = PBXFileReference; lastKnownFileType = text.script.sh; path = build.sh; sourceTree = SOURCE_ROOT; };
		E88673021C1B7E9300D3157E /* BridgingHeader.h */ = {isa = PBXFileReference; lastKnownFileType = sourcecode.c.h; path = BridgingHeader.h; sourceTree = "<group>"; };
		E88673031C1B7E9300D3157E /* SwiftNonsense.swift */ = {isa = PBXFileReference; lastKnownFileType = sourcecode.swift; path = SwiftNonsense.swift; sourceTree = "<group>"; };
		E88673061C1B7E9C00D3157E /* TCPServer.swift */ = {isa = PBXFileReference; lastKnownFileType = sourcecode.swift; path = TCPServer.swift; sourceTree = "<group>"; };
		E886730A1C1B7E9C00D3157E /* HTTP.swift */ = {isa = PBXFileReference; lastKnownFileType = sourcecode.swift; path = HTTP.swift; sourceTree = "<group>"; };
		E886730B1C1B7E9C00D3157E /* HTTP11.swift */ = {isa = PBXFileReference; lastKnownFileType = sourcecode.swift; path = HTTP11.swift; sourceTree = "<group>"; };
		E886730C1C1B7E9C00D3157E /* HTTPServer.swift */ = {isa = PBXFileReference; lastKnownFileType = sourcecode.swift; path = HTTPServer.swift; sourceTree = "<group>"; };
		E886730D1C1B7E9C00D3157E /* Router.swift */ = {isa = PBXFileReference; lastKnownFileType = sourcecode.swift; path = Router.swift; sourceTree = "<group>"; };
		E88673151C1B7FC100D3157E /* Bridge.c */ = {isa = PBXFileReference; fileEncoding = 4; lastKnownFileType = sourcecode.c.c; path = Bridge.c; sourceTree = "<group>"; };
		E88673161C1B7FC100D3157E /* Bridge.h */ = {isa = PBXFileReference; fileEncoding = 4; lastKnownFileType = sourcecode.c.h; path = Bridge.h; sourceTree = "<group>"; };
		E886731C1C1B800A00D3157E /* Controller.swift */ = {isa = PBXFileReference; fileEncoding = 4; lastKnownFileType = sourcecode.swift; path = Controller.swift; sourceTree = "<group>"; };
		E886731E1C1B806C00D3157E /* Resource.swift */ = {isa = PBXFileReference; fileEncoding = 4; lastKnownFileType = sourcecode.swift; path = Resource.swift; sourceTree = "<group>"; };
		E88673221C1B83D400D3157E /* NotesController.swift */ = {isa = PBXFileReference; fileEncoding = 4; lastKnownFileType = sourcecode.swift; path = NotesController.swift; sourceTree = "<group>"; };
		E88673251C1B87CC00D3157E /* 500.html */ = {isa = PBXFileReference; fileEncoding = 4; lastKnownFileType = text.html; path = 500.html; sourceTree = "<group>"; };
		E88673281C1B94CF00D3157E /* Database.swift */ = {isa = PBXFileReference; fileEncoding = 4; lastKnownFileType = sourcecode.swift; path = Database.swift; sourceTree = "<group>"; };
		E886732A1C1BA55C00D3157E /* Model.swift */ = {isa = PBXFileReference; fileEncoding = 4; lastKnownFileType = sourcecode.swift; path = Model.swift; sourceTree = "<group>"; };
		E886732D1C1BA63600D3157E /* Note.swift */ = {isa = PBXFileReference; fileEncoding = 4; lastKnownFileType = sourcecode.swift; path = Note.swift; sourceTree = "<group>"; };
		E886732F1C1BA7C400D3157E /* ModelQuery.swift */ = {isa = PBXFileReference; fileEncoding = 4; lastKnownFileType = sourcecode.swift; path = ModelQuery.swift; sourceTree = "<group>"; };
/* End PBXFileReference section */

/* Begin PBXFrameworksBuildPhase section */
		E83E0B3C1C129E5800D6EFC9 /* Frameworks */ = {
			isa = PBXFrameworksBuildPhase;
			buildActionMask = 2147483647;
			files = (
			);
			runOnlyForDeploymentPostprocessing = 0;
		};
/* End PBXFrameworksBuildPhase section */

/* Begin PBXGroup section */
		E83E0B361C129E5800D6EFC9 = {
			isa = PBXGroup;
			children = (
				E83E0B411C129E5800D6EFC9 /* Swerver */,
				E83E0B401C129E5800D6EFC9 /* Products */,
			);
			sourceTree = "<group>";
		};
		E83E0B401C129E5800D6EFC9 /* Products */ = {
			isa = PBXGroup;
			children = (
				E83E0B3F1C129E5800D6EFC9 /* Swerver */,
			);
			name = Products;
			sourceTree = "<group>";
		};
		E83E0B411C129E5800D6EFC9 /* Swerver */ = {
			isa = PBXGroup;
			children = (
				E88673041C1B7E9C00D3157E /* Server */,
				E83E0B421C129E5800D6EFC9 /* main.swift */,
				E88673201C1B83B200D3157E /* TestApp */,
				E849E86A1C1A7A6B00656C4C /* Supporting */,
			);
			path = Swerver;
			sourceTree = "<group>";
		};
		E849E86A1C1A7A6B00656C4C /* Supporting */ = {
			isa = PBXGroup;
			children = (
				E88673011C1B7E9300D3157E /* Helpers */,
				E88673001C1B753E00D3157E /* build.sh */,
			);
			name = Supporting;
			sourceTree = "<group>";
		};
		E88673011C1B7E9300D3157E /* Helpers */ = {
			isa = PBXGroup;
			children = (
				E88673021C1B7E9300D3157E /* BridgingHeader.h */,
				E88673031C1B7E9300D3157E /* SwiftNonsense.swift */,
			);
			path = Helpers;
			sourceTree = "<group>";
		};
		E88673041C1B7E9C00D3157E /* Server */ = {
			isa = PBXGroup;
			children = (
				E88673181C1B7FCC00D3157E /* App */,
				E88673051C1B7E9C00D3157E /* Base */,
				E88673091C1B7E9C00D3157E /* HTTP */,
			);
			path = Server;
			sourceTree = "<group>";
		};
		E88673051C1B7E9C00D3157E /* Base */ = {
			isa = PBXGroup;
			children = (
				E88673151C1B7FC100D3157E /* Bridge.c */,
				E88673161C1B7FC100D3157E /* Bridge.h */,
				E88673061C1B7E9C00D3157E /* TCPServer.swift */,
			);
			path = Base;
			sourceTree = "<group>";
		};
		E88673091C1B7E9C00D3157E /* HTTP */ = {
			isa = PBXGroup;
			children = (
				E886730A1C1B7E9C00D3157E /* HTTP.swift */,
				E886730B1C1B7E9C00D3157E /* HTTP11.swift */,
				E886730C1C1B7E9C00D3157E /* HTTPServer.swift */,
				E886730D1C1B7E9C00D3157E /* Router.swift */,
			);
			path = HTTP;
			sourceTree = "<group>";
		};
		E88673181C1B7FCC00D3157E /* App */ = {
			isa = PBXGroup;
			children = (
				E88673271C1B94BF00D3157E /* Database */,
				E88673191C1B7FF300D3157E /* Controllers */,
				E886731A1C1B7FF300D3157E /* Models */,
				E886731B1C1B7FF300D3157E /* Views */,
			);
			name = App;
			path = HTTP;
			sourceTree = "<group>";
		};
		E88673191C1B7FF300D3157E /* Controllers */ = {
			isa = PBXGroup;
			children = (
				E886731C1C1B800A00D3157E /* Controller.swift */,
				E886731E1C1B806C00D3157E /* Resource.swift */,
			);
			name = Controllers;
			path = Swerver/Server/App/Controllers;
			sourceTree = SOURCE_ROOT;
		};
		E886731A1C1B7FF300D3157E /* Models */ = {
			isa = PBXGroup;
			children = (
				E886732A1C1BA55C00D3157E /* Model.swift */,
			);
			name = Models;
			path = Swerver/Server/App/Models;
			sourceTree = SOURCE_ROOT;
		};
		E886731B1C1B7FF300D3157E /* Views */ = {
			isa = PBXGroup;
			children = (
			);
			name = Views;
			path = Swerver/Server/App/Views;
			sourceTree = SOURCE_ROOT;
		};
		E88673201C1B83B200D3157E /* TestApp */ = {
			isa = PBXGroup;
			children = (
				E886732C1C1BA62E00D3157E /* Models */,
				E88673241C1B87C000D3157E /* Public */,
				E88673211C1B83CA00D3157E /* Controllers */,
			);
			name = TestApp;
			sourceTree = "<group>";
		};
		E88673211C1B83CA00D3157E /* Controllers */ = {
			isa = PBXGroup;
			children = (
				E88673221C1B83D400D3157E /* NotesController.swift */,
			);
			name = Controllers;
			path = TestApp/Controllers;
			sourceTree = SOURCE_ROOT;
		};
		E88673241C1B87C000D3157E /* Public */ = {
			isa = PBXGroup;
			children = (
				E88673251C1B87CC00D3157E /* 500.html */,
			);
			name = Public;
			path = TestApp/Public;
			sourceTree = SOURCE_ROOT;
		};
		E88673271C1B94BF00D3157E /* Database */ = {
			isa = PBXGroup;
			children = (
				E88673281C1B94CF00D3157E /* Database.swift */,
				E886732F1C1BA7C400D3157E /* ModelQuery.swift */,
			);
			name = Database;
			path = Swerver/Server/Database;
			sourceTree = SOURCE_ROOT;
		};
		E886732C1C1BA62E00D3157E /* Models */ = {
			isa = PBXGroup;
			children = (
				E886732D1C1BA63600D3157E /* Note.swift */,
			);
			name = Models;
			path = TestApp/Models;
			sourceTree = SOURCE_ROOT;
		};
/* End PBXGroup section */

/* Begin PBXNativeTarget section */
		E83E0B3E1C129E5800D6EFC9 /* Swerver */ = {
			isa = PBXNativeTarget;
			buildConfigurationList = E83E0B461C129E5800D6EFC9 /* Build configuration list for PBXNativeTarget "Swerver" */;
			buildPhases = (
				E83E0B3B1C129E5800D6EFC9 /* Sources */,
				E83E0B3C1C129E5800D6EFC9 /* Frameworks */,
				E83E0B3D1C129E5800D6EFC9 /* CopyFiles */,
			);
			buildRules = (
			);
			dependencies = (
			);
			name = Swerver;
			productName = Swerver;
			productReference = E83E0B3F1C129E5800D6EFC9 /* Swerver */;
			productType = "com.apple.product-type.tool";
		};
/* End PBXNativeTarget section */

/* Begin PBXProject section */
		E83E0B371C129E5800D6EFC9 /* Project object */ = {
			isa = PBXProject;
			attributes = {
				LastSwiftUpdateCheck = 0720;
				LastUpgradeCheck = 0710;
				ORGANIZATIONNAME = "Julius Parishy";
				TargetAttributes = {
					E83E0B3E1C129E5800D6EFC9 = {
						CreatedOnToolsVersion = 7.1.1;
					};
				};
			};
			buildConfigurationList = E83E0B3A1C129E5800D6EFC9 /* Build configuration list for PBXProject "Swerver" */;
			compatibilityVersion = "Xcode 3.2";
			developmentRegion = English;
			hasScannedForEncodings = 0;
			knownRegions = (
				en,
			);
			mainGroup = E83E0B361C129E5800D6EFC9;
			productRefGroup = E83E0B401C129E5800D6EFC9 /* Products */;
			projectDirPath = "";
			projectRoot = "";
			targets = (
				E83E0B3E1C129E5800D6EFC9 /* Swerver */,
			);
		};
/* End PBXProject section */

/* Begin PBXSourcesBuildPhase section */
		E83E0B3B1C129E5800D6EFC9 /* Sources */ = {
			isa = PBXSourcesBuildPhase;
			buildActionMask = 2147483647;
			files = (
				E886731D1C1B800A00D3157E /* Controller.swift in Sources */,
				E886730F1C1B7ECB00D3157E /* HTTP.swift in Sources */,
				E88673101C1B7ECB00D3157E /* HTTP11.swift in Sources */,
				E88673231C1B83D400D3157E /* NotesController.swift in Sources */,
				E886731F1C1B806C00D3157E /* Resource.swift in Sources */,
				E88673121C1B7ECF00D3157E /* TCPServer.swift in Sources */,
				E886732B1C1BA55C00D3157E /* Model.swift in Sources */,
				E88673291C1B94CF00D3157E /* Database.swift in Sources */,
				E88673111C1B7ECB00D3157E /* HTTPServer.swift in Sources */,
				E88673301C1BA7C400D3157E /* ModelQuery.swift in Sources */,
				E886732E1C1BA63600D3157E /* Note.swift in Sources */,
				E88673141C1B7ED400D3157E /* SwiftNonsense.swift in Sources */,
				E886730E1C1B7EC700D3157E /* Router.swift in Sources */,
				E88673171C1B7FC100D3157E /* Bridge.c in Sources */,
				E83E0B431C129E5800D6EFC9 /* main.swift in Sources */,
			);
			runOnlyForDeploymentPostprocessing = 0;
		};
/* End PBXSourcesBuildPhase section */

/* Begin XCBuildConfiguration section */
		E83E0B441C129E5800D6EFC9 /* Debug */ = {
			isa = XCBuildConfiguration;
			buildSettings = {
				ALWAYS_SEARCH_USER_PATHS = NO;
				CLANG_CXX_LANGUAGE_STANDARD = "gnu++0x";
				CLANG_CXX_LIBRARY = "libc++";
				CLANG_ENABLE_MODULES = YES;
				CLANG_ENABLE_OBJC_ARC = YES;
				CLANG_WARN_BOOL_CONVERSION = YES;
				CLANG_WARN_CONSTANT_CONVERSION = YES;
				CLANG_WARN_DIRECT_OBJC_ISA_USAGE = YES_ERROR;
				CLANG_WARN_EMPTY_BODY = YES;
				CLANG_WARN_ENUM_CONVERSION = YES;
				CLANG_WARN_INT_CONVERSION = YES;
				CLANG_WARN_OBJC_ROOT_CLASS = YES_ERROR;
				CLANG_WARN_UNREACHABLE_CODE = YES;
				CLANG_WARN__DUPLICATE_METHOD_MATCH = YES;
				CODE_SIGN_IDENTITY = "-";
				COPY_PHASE_STRIP = NO;
				DEBUG_INFORMATION_FORMAT = dwarf;
				ENABLE_STRICT_OBJC_MSGSEND = YES;
				ENABLE_TESTABILITY = YES;
				GCC_C_LANGUAGE_STANDARD = gnu99;
				GCC_DYNAMIC_NO_PIC = NO;
				GCC_NO_COMMON_BLOCKS = YES;
				GCC_OPTIMIZATION_LEVEL = 0;
				GCC_PREPROCESSOR_DEFINITIONS = (
					"DEBUG=1",
					"$(inherited)",
				);
				GCC_WARN_64_TO_32_BIT_CONVERSION = YES;
				GCC_WARN_ABOUT_RETURN_TYPE = YES_ERROR;
				GCC_WARN_UNDECLARED_SELECTOR = YES;
				GCC_WARN_UNINITIALIZED_AUTOS = YES_AGGRESSIVE;
				GCC_WARN_UNUSED_FUNCTION = YES;
				GCC_WARN_UNUSED_VARIABLE = YES;
				MACOSX_DEPLOYMENT_TARGET = 10.11;
				MTL_ENABLE_DEBUG_INFO = YES;
				ONLY_ACTIVE_ARCH = YES;
				SDKROOT = macosx;
				SWIFT_OPTIMIZATION_LEVEL = "-Onone";
			};
			name = Debug;
		};
		E83E0B451C129E5800D6EFC9 /* Release */ = {
			isa = XCBuildConfiguration;
			buildSettings = {
				ALWAYS_SEARCH_USER_PATHS = NO;
				CLANG_CXX_LANGUAGE_STANDARD = "gnu++0x";
				CLANG_CXX_LIBRARY = "libc++";
				CLANG_ENABLE_MODULES = YES;
				CLANG_ENABLE_OBJC_ARC = YES;
				CLANG_WARN_BOOL_CONVERSION = YES;
				CLANG_WARN_CONSTANT_CONVERSION = YES;
				CLANG_WARN_DIRECT_OBJC_ISA_USAGE = YES_ERROR;
				CLANG_WARN_EMPTY_BODY = YES;
				CLANG_WARN_ENUM_CONVERSION = YES;
				CLANG_WARN_INT_CONVERSION = YES;
				CLANG_WARN_OBJC_ROOT_CLASS = YES_ERROR;
				CLANG_WARN_UNREACHABLE_CODE = YES;
				CLANG_WARN__DUPLICATE_METHOD_MATCH = YES;
				CODE_SIGN_IDENTITY = "-";
				COPY_PHASE_STRIP = NO;
				DEBUG_INFORMATION_FORMAT = "dwarf-with-dsym";
				ENABLE_NS_ASSERTIONS = NO;
				ENABLE_STRICT_OBJC_MSGSEND = YES;
				GCC_C_LANGUAGE_STANDARD = gnu99;
				GCC_NO_COMMON_BLOCKS = YES;
				GCC_WARN_64_TO_32_BIT_CONVERSION = YES;
				GCC_WARN_ABOUT_RETURN_TYPE = YES_ERROR;
				GCC_WARN_UNDECLARED_SELECTOR = YES;
				GCC_WARN_UNINITIALIZED_AUTOS = YES_AGGRESSIVE;
				GCC_WARN_UNUSED_FUNCTION = YES;
				GCC_WARN_UNUSED_VARIABLE = YES;
				MACOSX_DEPLOYMENT_TARGET = 10.11;
				MTL_ENABLE_DEBUG_INFO = NO;
				SDKROOT = macosx;
			};
			name = Release;
		};
		E83E0B471C129E5800D6EFC9 /* Debug */ = {
			isa = XCBuildConfiguration;
			buildSettings = {
				CLANG_ENABLE_MODULES = YES;
				GCC_PRECOMPILE_PREFIX_HEADER = YES;
				GCC_PREFIX_HEADER = "Swerver/Supporting Files/PrefixHeader.pch";
				HEADER_SEARCH_PATHS = /usr/local/include;
				LD_RUNPATH_SEARCH_PATHS = "$(inherited) @executable_path/../Frameworks @loader_path/../Frameworks";
				LIBRARY_SEARCH_PATHS = /usr/local/lib;
				OTHER_LDFLAGS = (
					"-luv",
					"-lpq",
				);
				PRODUCT_NAME = "$(TARGET_NAME)";
				SWIFT_OBJC_BRIDGING_HEADER = Swerver/Helpers/BridgingHeader.h;
				SWIFT_OPTIMIZATION_LEVEL = "-Onone";
			};
			name = Debug;
		};
		E83E0B481C129E5800D6EFC9 /* Release */ = {
			isa = XCBuildConfiguration;
			buildSettings = {
				CLANG_ENABLE_MODULES = YES;
				GCC_PRECOMPILE_PREFIX_HEADER = YES;
				GCC_PREFIX_HEADER = "Swerver/Supporting Files/PrefixHeader.pch";
				HEADER_SEARCH_PATHS = /usr/local/include;
				LD_RUNPATH_SEARCH_PATHS = "$(inherited) @executable_path/../Frameworks @loader_path/../Frameworks";
				LIBRARY_SEARCH_PATHS = /usr/local/lib;
				OTHER_LDFLAGS = (
					"-luv",
					"-lpq",
				);
				PRODUCT_NAME = "$(TARGET_NAME)";
				SWIFT_OBJC_BRIDGING_HEADER = Swerver/Helpers/BridgingHeader.h;
			};
			name = Release;
		};
/* End XCBuildConfiguration section */

/* Begin XCConfigurationList section */
		E83E0B3A1C129E5800D6EFC9 /* Build configuration list for PBXProject "Swerver" */ = {
			isa = XCConfigurationList;
			buildConfigurations = (
				E83E0B441C129E5800D6EFC9 /* Debug */,
				E83E0B451C129E5800D6EFC9 /* Release */,
			);
			defaultConfigurationIsVisible = 0;
			defaultConfigurationName = Release;
		};
		E83E0B461C129E5800D6EFC9 /* Build configuration list for PBXNativeTarget "Swerver" */ = {
			isa = XCConfigurationList;
			buildConfigurations = (
				E83E0B471C129E5800D6EFC9 /* Debug */,
				E83E0B481C129E5800D6EFC9 /* Release */,
			);
			defaultConfigurationIsVisible = 0;
			defaultConfigurationName = Release;
		};
/* End XCConfigurationList section */
	};
	rootObject = E83E0B371C129E5800D6EFC9 /* Project object */;
}
