// !$*UTF8*$!
{
	archiveVersion = 1;
	classes = {
	};
	objectVersion = 46;
	objects = {

/* Begin PBXBuildFile section */
		E807FCD11C1E721100CCA3D5 /* StringTests.swift in Sources */ = {isa = PBXBuildFile; fileRef = E807FCD01C1E721100CCA3D5 /* StringTests.swift */; };
		E89968621C1D01C30019B5B8 /* JSONTests.swift in Sources */ = {isa = PBXBuildFile; fileRef = E89968611C1D01C30019B5B8 /* JSONTests.swift */; };
		E8F4DCA31C2B80700056B30A /* _JSONReading.swift in Sources */ = {isa = PBXBuildFile; fileRef = E8F4DC6C1C2B7DA90056B30A /* _JSONReading.swift */; };
		E8F4DCA41C2B80700056B30A /* _JSONWriting.swift in Sources */ = {isa = PBXBuildFile; fileRef = E8F4DC6D1C2B7DA90056B30A /* _JSONWriting.swift */; };
		E8F4DCA51C2B80700056B30A /* String.swift in Sources */ = {isa = PBXBuildFile; fileRef = E8F4DC791C2B7DA90056B30A /* String.swift */; };
		E8F4DCA61C2B807B0056B30A /* JSON.swift in Sources */ = {isa = PBXBuildFile; fileRef = E8F4DC741C2B7DA90056B30A /* JSON.swift */; };
/* End PBXBuildFile section */

/* Begin PBXFileReference section */
		E807FCD01C1E721100CCA3D5 /* StringTests.swift */ = {isa = PBXFileReference; fileEncoding = 4; lastKnownFileType = sourcecode.swift; path = StringTests.swift; sourceTree = "<group>"; };
		E89968561C1D01650019B5B8 /* Tests.xctest */ = {isa = PBXFileReference; explicitFileType = wrapper.cfbundle; includeInIndex = 0; path = Tests.xctest; sourceTree = BUILT_PRODUCTS_DIR; };
		E899685A1C1D01650019B5B8 /* Info.plist */ = {isa = PBXFileReference; lastKnownFileType = text.plist.xml; path = Info.plist; sourceTree = "<group>"; };
		E89968611C1D01C30019B5B8 /* JSONTests.swift */ = {isa = PBXFileReference; fileEncoding = 4; lastKnownFileType = sourcecode.swift; path = JSONTests.swift; sourceTree = "<group>"; };
		E8F4DC6C1C2B7DA90056B30A /* _JSONReading.swift */ = {isa = PBXFileReference; fileEncoding = 4; lastKnownFileType = sourcecode.swift; path = _JSONReading.swift; sourceTree = "<group>"; };
		E8F4DC6D1C2B7DA90056B30A /* _JSONWriting.swift */ = {isa = PBXFileReference; fileEncoding = 4; lastKnownFileType = sourcecode.swift; path = _JSONWriting.swift; sourceTree = "<group>"; };
		E8F4DC6E1C2B7DA90056B30A /* Controller.swift */ = {isa = PBXFileReference; fileEncoding = 4; lastKnownFileType = sourcecode.swift; path = Controller.swift; sourceTree = "<group>"; };
		E8F4DC6F1C2B7DA90056B30A /* Cookie.swift */ = {isa = PBXFileReference; fileEncoding = 4; lastKnownFileType = sourcecode.swift; path = Cookie.swift; sourceTree = "<group>"; };
		E8F4DC701C2B7DA90056B30A /* Database.swift */ = {isa = PBXFileReference; fileEncoding = 4; lastKnownFileType = sourcecode.swift; path = Database.swift; sourceTree = "<group>"; };
		E8F4DC711C2B7DA90056B30A /* HTTP.swift */ = {isa = PBXFileReference; fileEncoding = 4; lastKnownFileType = sourcecode.swift; path = HTTP.swift; sourceTree = "<group>"; };
		E8F4DC721C2B7DA90056B30A /* HTTP11.swift */ = {isa = PBXFileReference; fileEncoding = 4; lastKnownFileType = sourcecode.swift; path = HTTP11.swift; sourceTree = "<group>"; };
		E8F4DC731C2B7DA90056B30A /* HTTPServer.swift */ = {isa = PBXFileReference; fileEncoding = 4; lastKnownFileType = sourcecode.swift; path = HTTPServer.swift; sourceTree = "<group>"; };
		E8F4DC741C2B7DA90056B30A /* JSON.swift */ = {isa = PBXFileReference; fileEncoding = 4; lastKnownFileType = sourcecode.swift; path = JSON.swift; sourceTree = "<group>"; };
		E8F4DC751C2B7DA90056B30A /* Model.swift */ = {isa = PBXFileReference; fileEncoding = 4; lastKnownFileType = sourcecode.swift; path = Model.swift; sourceTree = "<group>"; };
		E8F4DC761C2B7DA90056B30A /* ModelQuery.swift */ = {isa = PBXFileReference; fileEncoding = 4; lastKnownFileType = sourcecode.swift; path = ModelQuery.swift; sourceTree = "<group>"; };
		E8F4DC771C2B7DA90056B30A /* Resource.swift */ = {isa = PBXFileReference; fileEncoding = 4; lastKnownFileType = sourcecode.swift; path = Resource.swift; sourceTree = "<group>"; };
		E8F4DC781C2B7DA90056B30A /* Router.swift */ = {isa = PBXFileReference; fileEncoding = 4; lastKnownFileType = sourcecode.swift; path = Router.swift; sourceTree = "<group>"; };
		E8F4DC791C2B7DA90056B30A /* String.swift */ = {isa = PBXFileReference; fileEncoding = 4; lastKnownFileType = sourcecode.swift; path = String.swift; sourceTree = "<group>"; };
		E8F4DC7A1C2B7DA90056B30A /* TCPServer.swift */ = {isa = PBXFileReference; fileEncoding = 4; lastKnownFileType = sourcecode.swift; path = TCPServer.swift; sourceTree = "<group>"; };
		E8F4DC7B1C2B7DA90056B30A /* Template.swift */ = {isa = PBXFileReference; fileEncoding = 4; lastKnownFileType = sourcecode.swift; path = Template.swift; sourceTree = "<group>"; };
		E8F4DC7C1C2B7DA90056B30A /* View.swift */ = {isa = PBXFileReference; fileEncoding = 4; lastKnownFileType = sourcecode.swift; path = View.swift; sourceTree = "<group>"; };
		E8F4DC8E1C2B7E310056B30A /* Application.swift */ = {isa = PBXFileReference; fileEncoding = 4; lastKnownFileType = sourcecode.swift; path = Application.swift; sourceTree = "<group>"; };
		E8F4DC901C2B7FEA0056B30A /* BridgingHeader.h */ = {isa = PBXFileReference; lastKnownFileType = sourcecode.c.h; path = BridgingHeader.h; sourceTree = "<group>"; };
/* End PBXFileReference section */

/* Begin PBXFrameworksBuildPhase section */
		E89968531C1D01650019B5B8 /* Frameworks */ = {
			isa = PBXFrameworksBuildPhase;
			buildActionMask = 2147483647;
			files = (
			);
			runOnlyForDeploymentPostprocessing = 0;
		};
/* End PBXFrameworksBuildPhase section */

/* Begin PBXGroup section */
		E83E0B361C129E5800D6EFC9 = {
			isa = PBXGroup;
			children = (
				E83E0B411C129E5800D6EFC9 /* Swerver */,
				E89968571C1D01650019B5B8 /* Tests */,
				E83E0B401C129E5800D6EFC9 /* Products */,
			);
			sourceTree = "<group>";
		};
		E83E0B401C129E5800D6EFC9 /* Products */ = {
			isa = PBXGroup;
			children = (
				E89968561C1D01650019B5B8 /* Tests.xctest */,
			);
			name = Products;
			sourceTree = "<group>";
		};
		E83E0B411C129E5800D6EFC9 /* Swerver */ = {
			isa = PBXGroup;
			children = (
				E8F4DC6B1C2B7DA90056B30A /* Sources */,
			);
			path = Swerver;
			sourceTree = "<group>";
		};
		E89968571C1D01650019B5B8 /* Tests */ = {
			isa = PBXGroup;
			children = (
				E89968601C1D01C30019B5B8 /* Swift */,
				E899685A1C1D01650019B5B8 /* Info.plist */,
				E8F4DC901C2B7FEA0056B30A /* BridgingHeader.h */,
			);
			path = Tests;
			sourceTree = "<group>";
		};
		E89968601C1D01C30019B5B8 /* Swift */ = {
			isa = PBXGroup;
			children = (
				E89968611C1D01C30019B5B8 /* JSONTests.swift */,
				E807FCD01C1E721100CCA3D5 /* StringTests.swift */,
			);
			path = Swift;
			sourceTree = "<group>";
		};
		E8F4DC6B1C2B7DA90056B30A /* Sources */ = {
			isa = PBXGroup;
			children = (
				E8F4DCAA1C2B80EC0056B30A /* Database */,
				E8F4DCA91C2B80CC0056B30A /* HTTP */,
				E8F4DCA81C2B80B50056B30A /* MVC */,
				E8F4DCA71C2B80970056B30A /* Swift Stdlib Additions */,
			);
			path = Sources;
			sourceTree = SOURCE_ROOT;
		};
		E8F4DCA71C2B80970056B30A /* Swift Stdlib Additions */ = {
			isa = PBXGroup;
			children = (
				E8F4DC6C1C2B7DA90056B30A /* _JSONReading.swift */,
				E8F4DC6D1C2B7DA90056B30A /* _JSONWriting.swift */,
				E8F4DC741C2B7DA90056B30A /* JSON.swift */,
				E8F4DC791C2B7DA90056B30A /* String.swift */,
			);
			name = "Swift Stdlib Additions";
			sourceTree = "<group>";
		};
		E8F4DCA81C2B80B50056B30A /* MVC */ = {
			isa = PBXGroup;
			children = (
				E8F4DC6E1C2B7DA90056B30A /* Controller.swift */,
				E8F4DC8E1C2B7E310056B30A /* Application.swift */,
				E8F4DC751C2B7DA90056B30A /* Model.swift */,
				E8F4DC771C2B7DA90056B30A /* Resource.swift */,
				E8F4DC7B1C2B7DA90056B30A /* Template.swift */,
				E8F4DC7C1C2B7DA90056B30A /* View.swift */,
			);
			name = MVC;
			sourceTree = "<group>";
		};
		E8F4DCA91C2B80CC0056B30A /* HTTP */ = {
			isa = PBXGroup;
			children = (
				E8F4DCAC1C2B81080056B30A /* Low Level */,
				E8F4DC6F1C2B7DA90056B30A /* Cookie.swift */,
				E8F4DC711C2B7DA90056B30A /* HTTP.swift */,
				E8F4DC721C2B7DA90056B30A /* HTTP11.swift */,
				E8F4DC731C2B7DA90056B30A /* HTTPServer.swift */,
				E8F4DC781C2B7DA90056B30A /* Router.swift */,
			);
			name = HTTP;
			sourceTree = "<group>";
		};
		E8F4DCAA1C2B80EC0056B30A /* Database */ = {
			isa = PBXGroup;
			children = (
				E8F4DC701C2B7DA90056B30A /* Database.swift */,
				E8F4DC761C2B7DA90056B30A /* ModelQuery.swift */,
			);
			name = Database;
			sourceTree = "<group>";
		};
		E8F4DCAC1C2B81080056B30A /* Low Level */ = {
			isa = PBXGroup;
			children = (
				E8F4DC7A1C2B7DA90056B30A /* TCPServer.swift */,
			);
			name = "Low Level";
			sourceTree = "<group>";
		};
/* End PBXGroup section */

/* Begin PBXNativeTarget section */
		E89968551C1D01650019B5B8 /* Tests */ = {
			isa = PBXNativeTarget;
			buildConfigurationList = E899685B1C1D01650019B5B8 /* Build configuration list for PBXNativeTarget "Tests" */;
			buildPhases = (
				E89968521C1D01650019B5B8 /* Sources */,
				E89968531C1D01650019B5B8 /* Frameworks */,
				E89968541C1D01650019B5B8 /* Resources */,
			);
			buildRules = (
			);
			dependencies = (
			);
			name = Tests;
			productName = Tests;
			productReference = E89968561C1D01650019B5B8 /* Tests.xctest */;
			productType = "com.apple.product-type.bundle.unit-test";
		};
/* End PBXNativeTarget section */

/* Begin PBXProject section */
		E83E0B371C129E5800D6EFC9 /* Project object */ = {
			isa = PBXProject;
			attributes = {
				LastSwiftUpdateCheck = 0720;
				LastUpgradeCheck = 0710;
				ORGANIZATIONNAME = "Julius Parishy";
				TargetAttributes = {
					E89968551C1D01650019B5B8 = {
						CreatedOnToolsVersion = 7.2;
					};
				};
			};
			buildConfigurationList = E83E0B3A1C129E5800D6EFC9 /* Build configuration list for PBXProject "Swerver" */;
			compatibilityVersion = "Xcode 3.2";
			developmentRegion = English;
			hasScannedForEncodings = 0;
			knownRegions = (
				en,
			);
			mainGroup = E83E0B361C129E5800D6EFC9;
			productRefGroup = E83E0B401C129E5800D6EFC9 /* Products */;
			projectDirPath = "";
			projectRoot = "";
			targets = (
				E89968551C1D01650019B5B8 /* Tests */,
			);
		};
/* End PBXProject section */

/* Begin PBXResourcesBuildPhase section */
		E89968541C1D01650019B5B8 /* Resources */ = {
			isa = PBXResourcesBuildPhase;
			buildActionMask = 2147483647;
			files = (
			);
			runOnlyForDeploymentPostprocessing = 0;
		};
/* End PBXResourcesBuildPhase section */

/* Begin PBXSourcesBuildPhase section */
		E89968521C1D01650019B5B8 /* Sources */ = {
			isa = PBXSourcesBuildPhase;
			buildActionMask = 2147483647;
			files = (
				E807FCD11C1E721100CCA3D5 /* StringTests.swift in Sources */,
				E89968621C1D01C30019B5B8 /* JSONTests.swift in Sources */,
				E8F4DCA51C2B80700056B30A /* String.swift in Sources */,
				E8F4DCA61C2B807B0056B30A /* JSON.swift in Sources */,
				E8F4DCA41C2B80700056B30A /* _JSONWriting.swift in Sources */,
				E8F4DCA31C2B80700056B30A /* _JSONReading.swift in Sources */,
			);
			runOnlyForDeploymentPostprocessing = 0;
		};
/* End PBXSourcesBuildPhase section */

/* Begin XCBuildConfiguration section */
		E83E0B441C129E5800D6EFC9 /* Debug */ = {
			isa = XCBuildConfiguration;
			buildSettings = {
				ALWAYS_SEARCH_USER_PATHS = NO;
				CLANG_CXX_LANGUAGE_STANDARD = "gnu++0x";
				CLANG_CXX_LIBRARY = "libc++";
				CLANG_ENABLE_MODULES = YES;
				CLANG_ENABLE_OBJC_ARC = YES;
				CLANG_WARN_BOOL_CONVERSION = YES;
				CLANG_WARN_CONSTANT_CONVERSION = YES;
				CLANG_WARN_DIRECT_OBJC_ISA_USAGE = YES_ERROR;
				CLANG_WARN_EMPTY_BODY = YES;
				CLANG_WARN_ENUM_CONVERSION = YES;
				CLANG_WARN_INT_CONVERSION = YES;
				CLANG_WARN_OBJC_ROOT_CLASS = YES_ERROR;
				CLANG_WARN_UNREACHABLE_CODE = YES;
				CLANG_WARN__DUPLICATE_METHOD_MATCH = YES;
				CODE_SIGN_IDENTITY = "-";
				COPY_PHASE_STRIP = NO;
				DEBUG_INFORMATION_FORMAT = dwarf;
				ENABLE_STRICT_OBJC_MSGSEND = YES;
				ENABLE_TESTABILITY = YES;
				GCC_C_LANGUAGE_STANDARD = gnu99;
				GCC_DYNAMIC_NO_PIC = NO;
				GCC_NO_COMMON_BLOCKS = YES;
				GCC_OPTIMIZATION_LEVEL = 0;
				GCC_PREPROCESSOR_DEFINITIONS = (
					"DEBUG=1",
					"$(inherited)",
				);
				GCC_WARN_64_TO_32_BIT_CONVERSION = YES;
				GCC_WARN_ABOUT_RETURN_TYPE = YES_ERROR;
				GCC_WARN_UNDECLARED_SELECTOR = YES;
				GCC_WARN_UNINITIALIZED_AUTOS = YES_AGGRESSIVE;
				GCC_WARN_UNUSED_FUNCTION = YES;
				GCC_WARN_UNUSED_VARIABLE = YES;
				MACOSX_DEPLOYMENT_TARGET = 10.11;
				MTL_ENABLE_DEBUG_INFO = YES;
				ONLY_ACTIVE_ARCH = YES;
				SDKROOT = macosx;
				SWIFT_OPTIMIZATION_LEVEL = "-Onone";
			};
			name = Debug;
		};
		E83E0B451C129E5800D6EFC9 /* Release */ = {
			isa = XCBuildConfiguration;
			buildSettings = {
				ALWAYS_SEARCH_USER_PATHS = NO;
				CLANG_CXX_LANGUAGE_STANDARD = "gnu++0x";
				CLANG_CXX_LIBRARY = "libc++";
				CLANG_ENABLE_MODULES = YES;
				CLANG_ENABLE_OBJC_ARC = YES;
				CLANG_WARN_BOOL_CONVERSION = YES;
				CLANG_WARN_CONSTANT_CONVERSION = YES;
				CLANG_WARN_DIRECT_OBJC_ISA_USAGE = YES_ERROR;
				CLANG_WARN_EMPTY_BODY = YES;
				CLANG_WARN_ENUM_CONVERSION = YES;
				CLANG_WARN_INT_CONVERSION = YES;
				CLANG_WARN_OBJC_ROOT_CLASS = YES_ERROR;
				CLANG_WARN_UNREACHABLE_CODE = YES;
				CLANG_WARN__DUPLICATE_METHOD_MATCH = YES;
				CODE_SIGN_IDENTITY = "-";
				COPY_PHASE_STRIP = NO;
				DEBUG_INFORMATION_FORMAT = "dwarf-with-dsym";
				ENABLE_NS_ASSERTIONS = NO;
				ENABLE_STRICT_OBJC_MSGSEND = YES;
				GCC_C_LANGUAGE_STANDARD = gnu99;
				GCC_NO_COMMON_BLOCKS = YES;
				GCC_WARN_64_TO_32_BIT_CONVERSION = YES;
				GCC_WARN_ABOUT_RETURN_TYPE = YES_ERROR;
				GCC_WARN_UNDECLARED_SELECTOR = YES;
				GCC_WARN_UNINITIALIZED_AUTOS = YES_AGGRESSIVE;
				GCC_WARN_UNUSED_FUNCTION = YES;
				GCC_WARN_UNUSED_VARIABLE = YES;
				MACOSX_DEPLOYMENT_TARGET = 10.11;
				MTL_ENABLE_DEBUG_INFO = NO;
				SDKROOT = macosx;
			};
			name = Release;
		};
		E899685C1C1D01650019B5B8 /* Debug */ = {
			isa = XCBuildConfiguration;
			buildSettings = {
				COMBINE_HIDPI_IMAGES = YES;
				HEADER_SEARCH_PATHS = (
					./Swerver/Server/Base,
					/usr/include,
					/usr/local/include,
				);
				INFOPLIST_FILE = Tests/Info.plist;
				LD_RUNPATH_SEARCH_PATHS = "$(inherited) @executable_path/../Frameworks @loader_path/../Frameworks";
				LIBRARY_SEARCH_PATHS = (
					/usr/local/lib,
					/usr/lib,
				);
				OTHER_LDFLAGS = (
					"-lpq",
					"-luv",
				);
				PRODUCT_BUNDLE_IDENTIFIER = com.jparishy.Tests;
				PRODUCT_MODULE_NAME = Swerver;
				PRODUCT_NAME = "$(TARGET_NAME)";
				SWIFT_OBJC_BRIDGING_HEADER = ./Tests/BridgingHeader.h;
			};
			name = Debug;
		};
		E899685D1C1D01650019B5B8 /* Release */ = {
			isa = XCBuildConfiguration;
			buildSettings = {
				COMBINE_HIDPI_IMAGES = YES;
				HEADER_SEARCH_PATHS = (
					./Swerver/Server/Base,
					/usr/include,
					/usr/local/include,
				);
				INFOPLIST_FILE = Tests/Info.plist;
				LD_RUNPATH_SEARCH_PATHS = "$(inherited) @executable_path/../Frameworks @loader_path/../Frameworks";
				LIBRARY_SEARCH_PATHS = (
					/usr/local/lib,
					/usr/lib,
				);
				OTHER_LDFLAGS = (
					"-lpq",
					"-luv",
				);
				PRODUCT_BUNDLE_IDENTIFIER = com.jparishy.Tests;
				PRODUCT_MODULE_NAME = Swerver;
				PRODUCT_NAME = "$(TARGET_NAME)";
				SWIFT_OBJC_BRIDGING_HEADER = ./Tests/BridgingHeader.h;
			};
			name = Release;
		};
/* End XCBuildConfiguration section */

/* Begin XCConfigurationList section */
		E83E0B3A1C129E5800D6EFC9 /* Build configuration list for PBXProject "Swerver" */ = {
			isa = XCConfigurationList;
			buildConfigurations = (
				E83E0B441C129E5800D6EFC9 /* Debug */,
				E83E0B451C129E5800D6EFC9 /* Release */,
			);
			defaultConfigurationIsVisible = 0;
			defaultConfigurationName = Release;
		};
		E899685B1C1D01650019B5B8 /* Build configuration list for PBXNativeTarget "Tests" */ = {
			isa = XCConfigurationList;
			buildConfigurations = (
				E899685C1C1D01650019B5B8 /* Debug */,
				E899685D1C1D01650019B5B8 /* Release */,
			);
			defaultConfigurationIsVisible = 0;
			defaultConfigurationName = Release;
		};
/* End XCConfigurationList section */
	};
	rootObject = E83E0B371C129E5800D6EFC9 /* Project object */;
}
